
Microsoft Visual Studio Solution File, Format Version 12.00
# Visual Studio Version 16
VisualStudioVersion = 16.0.29009.5
MinimumVisualStudioVersion = 10.0.40219.1
Project("{FAE04EC0-301F-11D3-BF4B-00C04F79EFBC}") = "ReusableCode", "ReusableCode\ReusableCode.csproj", "{72729DA3-9933-4C3D-91C6-2CF0336D6493}"
EndProject
Global
	GlobalSection(SolutionConfigurationPlatforms) = preSolution
		Debug|Any CPU = Debug|Any CPU
		Debug|x64 = Debug|x64
		Release|Any CPU = Release|Any CPU
		Release|x64 = Release|x64
	EndGlobalSection
	GlobalSection(ProjectConfigurationPlatforms) = postSolution
		{72729DA3-9933-4C3D-91C6-2CF0336D6493}.Debug|Any CPU.ActiveCfg = Debug|Any CPU
		{72729DA3-9933-4C3D-91C6-2CF0336D6493}.Debug|Any CPU.Build.0 = Debug|Any CPU
		{72729DA3-9933-4C3D-91C6-2CF0336D6493}.Debug|x64.ActiveCfg = Debug|x64
		{72729DA3-9933-4C3D-91C6-2CF0336D6493}.Debug|x64.Build.0 = Debug|x64
		{72729DA3-9933-4C3D-91C6-2CF0336D6493}.Release|Any CPU.ActiveCfg = Release|Any CPU
		{72729DA3-9933-4C3D-91C6-2CF0336D6493}.Release|Any CPU.Build.0 = Release|Any CPU
		{72729DA3-9933-4C3D-91C6-2CF0336D6493}.Release|x64.ActiveCfg = Release|x64
		{72729DA3-9933-4C3D-91C6-2CF0336D6493}.Release|x64.Build.0 = Release|x64
	EndGlobalSection
	GlobalSection(SolutionProperties) = preSolution
		HideSolutionNode = FALSE
	EndGlobalSection
	GlobalSection(ExtensibilityGlobals) = postSolution
		SolutionGuid = {53A9B4E1-CFE1-4929-BADE-C9B401C2736B}
	EndGlobalSection
EndGlobal
